// !$*UTF8*$!
{
	archiveVersion = 1;
	classes = {
	};
	objectVersion = 50;
	objects = {

/* Begin PBXBuildFile section */
		97825FB1E74DE10230D2C601 /* libPods-newFirstDemo.a in Frameworks */ = {isa = PBXBuildFile; fileRef = 2DA6024A12E73622C4BDBAF1 /* libPods-newFirstDemo.a */; };
		DD18681C2113E28B00D88DC9 /* ClickBtn.m in Sources */ = {isa = PBXBuildFile; fileRef = DD18680F2113E28B00D88DC9 /* ClickBtn.m */; };
		DD18681D2113E28B00D88DC9 /* FrontClassView.m in Sources */ = {isa = PBXBuildFile; fileRef = DD1868112113E28B00D88DC9 /* FrontClassView.m */; };
		DD18681E2113E28B00D88DC9 /* LayoutHeadView.m in Sources */ = {isa = PBXBuildFile; fileRef = DD1868132113E28B00D88DC9 /* LayoutHeadView.m */; };
		DD18681F2113E28B00D88DC9 /* NewMainCell.m in Sources */ = {isa = PBXBuildFile; fileRef = DD1868152113E28B00D88DC9 /* NewMainCell.m */; };
		DD1868202113E28B00D88DC9 /* NewMainSectionHeaderView.m in Sources */ = {isa = PBXBuildFile; fileRef = DD1868172113E28B00D88DC9 /* NewMainSectionHeaderView.m */; };
		DD1868212113E28B00D88DC9 /* NewMainTableView.m in Sources */ = {isa = PBXBuildFile; fileRef = DD1868192113E28B00D88DC9 /* NewMainTableView.m */; };
		DD1868222113E28B00D88DC9 /* SetCollectionViewCell.m in Sources */ = {isa = PBXBuildFile; fileRef = DD18681B2113E28B00D88DC9 /* SetCollectionViewCell.m */; };
		DD18682E2113E71300D88DC9 /* UIColor+Hex.m in Sources */ = {isa = PBXBuildFile; fileRef = DD18682C2113E71300D88DC9 /* UIColor+Hex.m */; };
		DD18683F2113E7A800D88DC9 /* TAAbstractDotView.m in Sources */ = {isa = PBXBuildFile; fileRef = DD1868322113E7A800D88DC9 /* TAAbstractDotView.m */; };
		DD1868402113E7A800D88DC9 /* TAAnimatedDotView.m in Sources */ = {isa = PBXBuildFile; fileRef = DD1868342113E7A800D88DC9 /* TAAnimatedDotView.m */; };
		DD1868412113E7A800D88DC9 /* TADotView.m in Sources */ = {isa = PBXBuildFile; fileRef = DD1868362113E7A800D88DC9 /* TADotView.m */; };
		DD1868422113E7A800D88DC9 /* TAPageControl.m in Sources */ = {isa = PBXBuildFile; fileRef = DD1868382113E7A800D88DC9 /* TAPageControl.m */; };
		DD1868432113E7A800D88DC9 /* SDCollectionViewCell.m in Sources */ = {isa = PBXBuildFile; fileRef = DD18683A2113E7A800D88DC9 /* SDCollectionViewCell.m */; };
		DD1868442113E7A800D88DC9 /* SDCycleScrollView.m in Sources */ = {isa = PBXBuildFile; fileRef = DD18683C2113E7A800D88DC9 /* SDCycleScrollView.m */; };
		DD1868452113E7A800D88DC9 /* UIView+SDExtension.m in Sources */ = {isa = PBXBuildFile; fileRef = DD18683E2113E7A800D88DC9 /* UIView+SDExtension.m */; };
		DD18684F2113FEEC00D88DC9 /* NSArray+Extension.m in Sources */ = {isa = PBXBuildFile; fileRef = DD18684E2113FEEC00D88DC9 /* NSArray+Extension.m */; };
		DD1868522113FF1500D88DC9 /* NSDictionary+Extension.m in Sources */ = {isa = PBXBuildFile; fileRef = DD1868512113FF1500D88DC9 /* NSDictionary+Extension.m */; };
		DD1868552114312600D88DC9 /* FilterConditionModel.m in Sources */ = {isa = PBXBuildFile; fileRef = DD1868532114312500D88DC9 /* FilterConditionModel.m */; };
		DD2DC4F42108545E00A0A6EE /* u.m in Sources */ = {isa = PBXBuildFile; fileRef = DD2DC4F32108545E00A0A6EE /* u.m */; };
		DD78C7AA21183EB10042098F /* NewMainCollectionView.m in Sources */ = {isa = PBXBuildFile; fileRef = DD78C7A921183EB00042098F /* NewMainCollectionView.m */; };
		DD78C7AD211931BE0042098F /* NewMainHeaderCollectionViewCell.m in Sources */ = {isa = PBXBuildFile; fileRef = DD78C7AC211931BE0042098F /* NewMainHeaderCollectionViewCell.m */; };
		DD78C7B121196B0B0042098F /* UIViewExt.m in Sources */ = {isa = PBXBuildFile; fileRef = DD78C7B021196B0A0042098F /* UIViewExt.m */; };
		DD9BA03820FC59EF00D4104B /* AppDelegate.m in Sources */ = {isa = PBXBuildFile; fileRef = DD9BA03720FC59EF00D4104B /* AppDelegate.m */; };
		DD9BA03B20FC59EF00D4104B /* ViewController.m in Sources */ = {isa = PBXBuildFile; fileRef = DD9BA03A20FC59EF00D4104B /* ViewController.m */; };
		DD9BA03E20FC59EF00D4104B /* Main.storyboard in Resources */ = {isa = PBXBuildFile; fileRef = DD9BA03C20FC59EF00D4104B /* Main.storyboard */; };
		DD9BA04020FC59F100D4104B /* Assets.xcassets in Resources */ = {isa = PBXBuildFile; fileRef = DD9BA03F20FC59F100D4104B /* Assets.xcassets */; };
		DD9BA04320FC59F100D4104B /* LaunchScreen.storyboard in Resources */ = {isa = PBXBuildFile; fileRef = DD9BA04120FC59F100D4104B /* LaunchScreen.storyboard */; };
		DD9BA04620FC59F100D4104B /* main.m in Sources */ = {isa = PBXBuildFile; fileRef = DD9BA04520FC59F100D4104B /* main.m */; };
/* End PBXBuildFile section */

/* Begin PBXFileReference section */
		2DA6024A12E73622C4BDBAF1 /* libPods-newFirstDemo.a */ = {isa = PBXFileReference; explicitFileType = archive.ar; includeInIndex = 0; path = "libPods-newFirstDemo.a"; sourceTree = BUILT_PRODUCTS_DIR; };
		9D221A26ABA7530BF260A9AB /* Pods-newFirstDemo.release.xcconfig */ = {isa = PBXFileReference; includeInIndex = 1; lastKnownFileType = text.xcconfig; name = "Pods-newFirstDemo.release.xcconfig"; path = "Pods/Target Support Files/Pods-newFirstDemo/Pods-newFirstDemo.release.xcconfig"; sourceTree = "<group>"; };
		DD18680E2113E28B00D88DC9 /* ClickBtn.h */ = {isa = PBXFileReference; fileEncoding = 4; lastKnownFileType = sourcecode.c.h; path = ClickBtn.h; sourceTree = "<group>"; };
		DD18680F2113E28B00D88DC9 /* ClickBtn.m */ = {isa = PBXFileReference; fileEncoding = 4; lastKnownFileType = sourcecode.c.objc; path = ClickBtn.m; sourceTree = "<group>"; };
		DD1868102113E28B00D88DC9 /* FrontClassView.h */ = {isa = PBXFileReference; fileEncoding = 4; lastKnownFileType = sourcecode.c.h; path = FrontClassView.h; sourceTree = "<group>"; };
		DD1868112113E28B00D88DC9 /* FrontClassView.m */ = {isa = PBXFileReference; fileEncoding = 4; lastKnownFileType = sourcecode.c.objc; path = FrontClassView.m; sourceTree = "<group>"; };
		DD1868122113E28B00D88DC9 /* LayoutHeadView.h */ = {isa = PBXFileReference; fileEncoding = 4; lastKnownFileType = sourcecode.c.h; path = LayoutHeadView.h; sourceTree = "<group>"; };
		DD1868132113E28B00D88DC9 /* LayoutHeadView.m */ = {isa = PBXFileReference; fileEncoding = 4; lastKnownFileType = sourcecode.c.objc; path = LayoutHeadView.m; sourceTree = "<group>"; };
		DD1868142113E28B00D88DC9 /* NewMainCell.h */ = {isa = PBXFileReference; fileEncoding = 4; lastKnownFileType = sourcecode.c.h; path = NewMainCell.h; sourceTree = "<group>"; };
		DD1868152113E28B00D88DC9 /* NewMainCell.m */ = {isa = PBXFileReference; fileEncoding = 4; lastKnownFileType = sourcecode.c.objc; path = NewMainCell.m; sourceTree = "<group>"; };
		DD1868162113E28B00D88DC9 /* NewMainSectionHeaderView.h */ = {isa = PBXFileReference; fileEncoding = 4; lastKnownFileType = sourcecode.c.h; path = NewMainSectionHeaderView.h; sourceTree = "<group>"; };
		DD1868172113E28B00D88DC9 /* NewMainSectionHeaderView.m */ = {isa = PBXFileReference; fileEncoding = 4; lastKnownFileType = sourcecode.c.objc; path = NewMainSectionHeaderView.m; sourceTree = "<group>"; };
		DD1868182113E28B00D88DC9 /* NewMainTableView.h */ = {isa = PBXFileReference; fileEncoding = 4; lastKnownFileType = sourcecode.c.h; path = NewMainTableView.h; sourceTree = "<group>"; };
		DD1868192113E28B00D88DC9 /* NewMainTableView.m */ = {isa = PBXFileReference; fileEncoding = 4; lastKnownFileType = sourcecode.c.objc; path = NewMainTableView.m; sourceTree = "<group>"; };
		DD18681A2113E28B00D88DC9 /* SetCollectionViewCell.h */ = {isa = PBXFileReference; fileEncoding = 4; lastKnownFileType = sourcecode.c.h; path = SetCollectionViewCell.h; sourceTree = "<group>"; };
		DD18681B2113E28B00D88DC9 /* SetCollectionViewCell.m */ = {isa = PBXFileReference; fileEncoding = 4; lastKnownFileType = sourcecode.c.objc; path = SetCollectionViewCell.m; sourceTree = "<group>"; };
		DD1868232113E2D900D88DC9 /* newFirstDemo.pch */ = {isa = PBXFileReference; lastKnownFileType = sourcecode.c.h; path = newFirstDemo.pch; sourceTree = "<group>"; };
		DD1868252113E38C00D88DC9 /* MyUIKit.h */ = {isa = PBXFileReference; lastKnownFileType = sourcecode.c.h; path = MyUIKit.h; sourceTree = "<group>"; };
		DD18682C2113E71300D88DC9 /* UIColor+Hex.m */ = {isa = PBXFileReference; fileEncoding = 4; lastKnownFileType = sourcecode.c.objc; path = "UIColor+Hex.m"; sourceTree = "<group>"; };
		DD18682D2113E71300D88DC9 /* UIColor+Hex.h */ = {isa = PBXFileReference; fileEncoding = 4; lastKnownFileType = sourcecode.c.h; path = "UIColor+Hex.h"; sourceTree = "<group>"; };
		DD1868312113E7A800D88DC9 /* TAAbstractDotView.h */ = {isa = PBXFileReference; fileEncoding = 4; lastKnownFileType = sourcecode.c.h; path = TAAbstractDotView.h; sourceTree = "<group>"; };
		DD1868322113E7A800D88DC9 /* TAAbstractDotView.m */ = {isa = PBXFileReference; fileEncoding = 4; lastKnownFileType = sourcecode.c.objc; path = TAAbstractDotView.m; sourceTree = "<group>"; };
		DD1868332113E7A800D88DC9 /* TAAnimatedDotView.h */ = {isa = PBXFileReference; fileEncoding = 4; lastKnownFileType = sourcecode.c.h; path = TAAnimatedDotView.h; sourceTree = "<group>"; };
		DD1868342113E7A800D88DC9 /* TAAnimatedDotView.m */ = {isa = PBXFileReference; fileEncoding = 4; lastKnownFileType = sourcecode.c.objc; path = TAAnimatedDotView.m; sourceTree = "<group>"; };
		DD1868352113E7A800D88DC9 /* TADotView.h */ = {isa = PBXFileReference; fileEncoding = 4; lastKnownFileType = sourcecode.c.h; path = TADotView.h; sourceTree = "<group>"; };
		DD1868362113E7A800D88DC9 /* TADotView.m */ = {isa = PBXFileReference; fileEncoding = 4; lastKnownFileType = sourcecode.c.objc; path = TADotView.m; sourceTree = "<group>"; };
		DD1868372113E7A800D88DC9 /* TAPageControl.h */ = {isa = PBXFileReference; fileEncoding = 4; lastKnownFileType = sourcecode.c.h; path = TAPageControl.h; sourceTree = "<group>"; };
		DD1868382113E7A800D88DC9 /* TAPageControl.m */ = {isa = PBXFileReference; fileEncoding = 4; lastKnownFileType = sourcecode.c.objc; path = TAPageControl.m; sourceTree = "<group>"; };
		DD1868392113E7A800D88DC9 /* SDCollectionViewCell.h */ = {isa = PBXFileReference; fileEncoding = 4; lastKnownFileType = sourcecode.c.h; path = SDCollectionViewCell.h; sourceTree = "<group>"; };
		DD18683A2113E7A800D88DC9 /* SDCollectionViewCell.m */ = {isa = PBXFileReference; fileEncoding = 4; lastKnownFileType = sourcecode.c.objc; path = SDCollectionViewCell.m; sourceTree = "<group>"; };
		DD18683B2113E7A800D88DC9 /* SDCycleScrollView.h */ = {isa = PBXFileReference; fileEncoding = 4; lastKnownFileType = sourcecode.c.h; path = SDCycleScrollView.h; sourceTree = "<group>"; };
		DD18683C2113E7A800D88DC9 /* SDCycleScrollView.m */ = {isa = PBXFileReference; fileEncoding = 4; lastKnownFileType = sourcecode.c.objc; path = SDCycleScrollView.m; sourceTree = "<group>"; };
		DD18683D2113E7A800D88DC9 /* UIView+SDExtension.h */ = {isa = PBXFileReference; fileEncoding = 4; lastKnownFileType = sourcecode.c.h; path = "UIView+SDExtension.h"; sourceTree = "<group>"; };
		DD18683E2113E7A800D88DC9 /* UIView+SDExtension.m */ = {isa = PBXFileReference; fileEncoding = 4; lastKnownFileType = sourcecode.c.objc; path = "UIView+SDExtension.m"; sourceTree = "<group>"; };
		DD18684D2113FEEC00D88DC9 /* NSArray+Extension.h */ = {isa = PBXFileReference; lastKnownFileType = sourcecode.c.h; path = "NSArray+Extension.h"; sourceTree = "<group>"; };
		DD18684E2113FEEC00D88DC9 /* NSArray+Extension.m */ = {isa = PBXFileReference; lastKnownFileType = sourcecode.c.objc; path = "NSArray+Extension.m"; sourceTree = "<group>"; };
		DD1868502113FF1500D88DC9 /* NSDictionary+Extension.h */ = {isa = PBXFileReference; lastKnownFileType = sourcecode.c.h; path = "NSDictionary+Extension.h"; sourceTree = "<group>"; };
		DD1868512113FF1500D88DC9 /* NSDictionary+Extension.m */ = {isa = PBXFileReference; lastKnownFileType = sourcecode.c.objc; path = "NSDictionary+Extension.m"; sourceTree = "<group>"; };
		DD1868532114312500D88DC9 /* FilterConditionModel.m */ = {isa = PBXFileReference; fileEncoding = 4; lastKnownFileType = sourcecode.c.objc; path = FilterConditionModel.m; sourceTree = "<group>"; };
		DD1868542114312600D88DC9 /* FilterConditionModel.h */ = {isa = PBXFileReference; fileEncoding = 4; lastKnownFileType = sourcecode.c.h; path = FilterConditionModel.h; sourceTree = "<group>"; };
		DD2DC4F22108545E00A0A6EE /* u.h */ = {isa = PBXFileReference; lastKnownFileType = sourcecode.c.h; path = u.h; sourceTree = "<group>"; };
		DD2DC4F32108545E00A0A6EE /* u.m */ = {isa = PBXFileReference; lastKnownFileType = sourcecode.c.objc; path = u.m; sourceTree = "<group>"; };
		DD78C7A821183EB00042098F /* NewMainCollectionView.h */ = {isa = PBXFileReference; fileEncoding = 4; lastKnownFileType = sourcecode.c.h; path = NewMainCollectionView.h; sourceTree = "<group>"; };
		DD78C7A921183EB00042098F /* NewMainCollectionView.m */ = {isa = PBXFileReference; fileEncoding = 4; lastKnownFileType = sourcecode.c.objc; path = NewMainCollectionView.m; sourceTree = "<group>"; };
		DD78C7AB211931BE0042098F /* NewMainHeaderCollectionViewCell.h */ = {isa = PBXFileReference; lastKnownFileType = sourcecode.c.h; path = NewMainHeaderCollectionViewCell.h; sourceTree = "<group>"; };
		DD78C7AC211931BE0042098F /* NewMainHeaderCollectionViewCell.m */ = {isa = PBXFileReference; lastKnownFileType = sourcecode.c.objc; path = NewMainHeaderCollectionViewCell.m; sourceTree = "<group>"; };
		DD78C7AF21196B0A0042098F /* UIViewExt.h */ = {isa = PBXFileReference; fileEncoding = 4; lastKnownFileType = sourcecode.c.h; name = UIViewExt.h; path = "../../../GZP/广州禁毒/WarmHomeGZ/MyKit/Tools/UIViewExt.h"; sourceTree = "<group>"; };
		DD78C7B021196B0A0042098F /* UIViewExt.m */ = {isa = PBXFileReference; fileEncoding = 4; lastKnownFileType = sourcecode.c.objc; name = UIViewExt.m; path = "../../../GZP/广州禁毒/WarmHomeGZ/MyKit/Tools/UIViewExt.m"; sourceTree = "<group>"; };
		DD9BA03320FC59EF00D4104B /* newFirstDemo.app */ = {isa = PBXFileReference; explicitFileType = wrapper.application; includeInIndex = 0; path = newFirstDemo.app; sourceTree = BUILT_PRODUCTS_DIR; };
		DD9BA03620FC59EF00D4104B /* AppDelegate.h */ = {isa = PBXFileReference; lastKnownFileType = sourcecode.c.h; path = AppDelegate.h; sourceTree = "<group>"; };
		DD9BA03720FC59EF00D4104B /* AppDelegate.m */ = {isa = PBXFileReference; lastKnownFileType = sourcecode.c.objc; path = AppDelegate.m; sourceTree = "<group>"; };
		DD9BA03920FC59EF00D4104B /* ViewController.h */ = {isa = PBXFileReference; lastKnownFileType = sourcecode.c.h; path = ViewController.h; sourceTree = "<group>"; };
		DD9BA03A20FC59EF00D4104B /* ViewController.m */ = {isa = PBXFileReference; lastKnownFileType = sourcecode.c.objc; path = ViewController.m; sourceTree = "<group>"; };
		DD9BA03D20FC59EF00D4104B /* Base */ = {isa = PBXFileReference; lastKnownFileType = file.storyboard; name = Base; path = Base.lproj/Main.storyboard; sourceTree = "<group>"; };
		DD9BA03F20FC59F100D4104B /* Assets.xcassets */ = {isa = PBXFileReference; lastKnownFileType = folder.assetcatalog; path = Assets.xcassets; sourceTree = "<group>"; };
		DD9BA04220FC59F100D4104B /* Base */ = {isa = PBXFileReference; lastKnownFileType = file.storyboard; name = Base; path = Base.lproj/LaunchScreen.storyboard; sourceTree = "<group>"; };
		DD9BA04420FC59F100D4104B /* Info.plist */ = {isa = PBXFileReference; lastKnownFileType = text.plist.xml; path = Info.plist; sourceTree = "<group>"; };
		DD9BA04520FC59F100D4104B /* main.m */ = {isa = PBXFileReference; lastKnownFileType = sourcecode.c.objc; path = main.m; sourceTree = "<group>"; };
		FE26EFCC4FB3CB3BA8B2F713 /* Pods-newFirstDemo.debug.xcconfig */ = {isa = PBXFileReference; includeInIndex = 1; lastKnownFileType = text.xcconfig; name = "Pods-newFirstDemo.debug.xcconfig"; path = "Pods/Target Support Files/Pods-newFirstDemo/Pods-newFirstDemo.debug.xcconfig"; sourceTree = "<group>"; };
/* End PBXFileReference section */

/* Begin PBXFrameworksBuildPhase section */
		DD9BA03020FC59EF00D4104B /* Frameworks */ = {
			isa = PBXFrameworksBuildPhase;
			buildActionMask = 2147483647;
			files = (
				97825FB1E74DE10230D2C601 /* libPods-newFirstDemo.a in Frameworks */,
			);
			runOnlyForDeploymentPostprocessing = 0;
		};
/* End PBXFrameworksBuildPhase section */

/* Begin PBXGroup section */
		232E5EEC3151DBFC2A2B8004 /* Frameworks */ = {
			isa = PBXGroup;
			children = (
				2DA6024A12E73622C4BDBAF1 /* libPods-newFirstDemo.a */,
			);
			name = Frameworks;
			sourceTree = "<group>";
		};
		6D593CEAF46D4CBEFD935333 /* Pods */ = {
			isa = PBXGroup;
			children = (
				FE26EFCC4FB3CB3BA8B2F713 /* Pods-newFirstDemo.debug.xcconfig */,
				9D221A26ABA7530BF260A9AB /* Pods-newFirstDemo.release.xcconfig */,
			);
			name = Pods;
			sourceTree = "<group>";
		};
		DD18680D2113E28B00D88DC9 /* FrontList */ = {
			isa = PBXGroup;
			children = (
				DD18680E2113E28B00D88DC9 /* ClickBtn.h */,
				DD18680F2113E28B00D88DC9 /* ClickBtn.m */,
				DD1868102113E28B00D88DC9 /* FrontClassView.h */,
				DD1868112113E28B00D88DC9 /* FrontClassView.m */,
				DD1868122113E28B00D88DC9 /* LayoutHeadView.h */,
				DD1868132113E28B00D88DC9 /* LayoutHeadView.m */,
				DD1868142113E28B00D88DC9 /* NewMainCell.h */,
				DD1868152113E28B00D88DC9 /* NewMainCell.m */,
				DD1868162113E28B00D88DC9 /* NewMainSectionHeaderView.h */,
				DD1868172113E28B00D88DC9 /* NewMainSectionHeaderView.m */,
				DD1868182113E28B00D88DC9 /* NewMainTableView.h */,
				DD1868192113E28B00D88DC9 /* NewMainTableView.m */,
				DD1868542114312600D88DC9 /* FilterConditionModel.h */,
				DD1868532114312500D88DC9 /* FilterConditionModel.m */,
				DD18681A2113E28B00D88DC9 /* SetCollectionViewCell.h */,
				DD18681B2113E28B00D88DC9 /* SetCollectionViewCell.m */,
			);
			path = FrontList;
			sourceTree = "<group>";
		};
		DD1868242113E38100D88DC9 /* Tools */ = {
			isa = PBXGroup;
			children = (
				DD18682D2113E71300D88DC9 /* UIColor+Hex.h */,
				DD18682C2113E71300D88DC9 /* UIColor+Hex.m */,
				DD1868252113E38C00D88DC9 /* MyUIKit.h */,
				DD18684D2113FEEC00D88DC9 /* NSArray+Extension.h */,
				DD18684E2113FEEC00D88DC9 /* NSArray+Extension.m */,
				DD1868502113FF1500D88DC9 /* NSDictionary+Extension.h */,
				DD1868512113FF1500D88DC9 /* NSDictionary+Extension.m */,
				DD78C7AF21196B0A0042098F /* UIViewExt.h */,
				DD78C7B021196B0A0042098F /* UIViewExt.m */,
			);
			path = Tools;
			sourceTree = "<group>";
		};
		DD18682F2113E7A800D88DC9 /* SDCycleScrollView */ = {
			isa = PBXGroup;
			children = (
				DD1868302113E7A800D88DC9 /* PageControl */,
				DD1868392113E7A800D88DC9 /* SDCollectionViewCell.h */,
				DD18683A2113E7A800D88DC9 /* SDCollectionViewCell.m */,
				DD18683B2113E7A800D88DC9 /* SDCycleScrollView.h */,
				DD18683C2113E7A800D88DC9 /* SDCycleScrollView.m */,
				DD18683D2113E7A800D88DC9 /* UIView+SDExtension.h */,
				DD18683E2113E7A800D88DC9 /* UIView+SDExtension.m */,
			);
			path = SDCycleScrollView;
			sourceTree = "<group>";
		};
		DD1868302113E7A800D88DC9 /* PageControl */ = {
			isa = PBXGroup;
			children = (
				DD1868312113E7A800D88DC9 /* TAAbstractDotView.h */,
				DD1868322113E7A800D88DC9 /* TAAbstractDotView.m */,
				DD1868332113E7A800D88DC9 /* TAAnimatedDotView.h */,
				DD1868342113E7A800D88DC9 /* TAAnimatedDotView.m */,
				DD1868352113E7A800D88DC9 /* TADotView.h */,
				DD1868362113E7A800D88DC9 /* TADotView.m */,
				DD1868372113E7A800D88DC9 /* TAPageControl.h */,
				DD1868382113E7A800D88DC9 /* TAPageControl.m */,
			);
			path = PageControl;
			sourceTree = "<group>";
		};
		DD9BA02A20FC59EF00D4104B = {
			isa = PBXGroup;
			children = (
				DD9BA03520FC59EF00D4104B /* newFirstDemo */,
				DD9BA03420FC59EF00D4104B /* Products */,
				6D593CEAF46D4CBEFD935333 /* Pods */,
				232E5EEC3151DBFC2A2B8004 /* Frameworks */,
			);
			sourceTree = "<group>";
		};
		DD9BA03420FC59EF00D4104B /* Products */ = {
			isa = PBXGroup;
			children = (
				DD9BA03320FC59EF00D4104B /* newFirstDemo.app */,
			);
			name = Products;
			sourceTree = "<group>";
		};
		DD9BA03520FC59EF00D4104B /* newFirstDemo */ = {
			isa = PBXGroup;
			children = (
				DD18680D2113E28B00D88DC9 /* FrontList */,
				DD9BA03620FC59EF00D4104B /* AppDelegate.h */,
				DD9BA03720FC59EF00D4104B /* AppDelegate.m */,
				DD9BA03920FC59EF00D4104B /* ViewController.h */,
				DD9BA03A20FC59EF00D4104B /* ViewController.m */,
				DD78C7A821183EB00042098F /* NewMainCollectionView.h */,
				DD78C7A921183EB00042098F /* NewMainCollectionView.m */,
				DD78C7AB211931BE0042098F /* NewMainHeaderCollectionViewCell.h */,
				DD78C7AC211931BE0042098F /* NewMainHeaderCollectionViewCell.m */,
				DD1868232113E2D900D88DC9 /* newFirstDemo.pch */,
				DD18682F2113E7A800D88DC9 /* SDCycleScrollView */,
				DD1868242113E38100D88DC9 /* Tools */,
				DD2DC4F22108545E00A0A6EE /* u.h */,
				DD2DC4F32108545E00A0A6EE /* u.m */,
				DD9BA03C20FC59EF00D4104B /* Main.storyboard */,
				DD9BA03F20FC59F100D4104B /* Assets.xcassets */,
				DD9BA04120FC59F100D4104B /* LaunchScreen.storyboard */,
				DD9BA04420FC59F100D4104B /* Info.plist */,
				DD9BA04520FC59F100D4104B /* main.m */,
			);
			path = newFirstDemo;
			sourceTree = "<group>";
		};
/* End PBXGroup section */

/* Begin PBXNativeTarget section */
		DD9BA03220FC59EF00D4104B /* newFirstDemo */ = {
			isa = PBXNativeTarget;
			buildConfigurationList = DD9BA04920FC59F100D4104B /* Build configuration list for PBXNativeTarget "newFirstDemo" */;
			buildPhases = (
				5A063A5559F190CCF6A9867C /* [CP] Check Pods Manifest.lock */,
				DD9BA02F20FC59EF00D4104B /* Sources */,
				DD9BA03020FC59EF00D4104B /* Frameworks */,
				DD9BA03120FC59EF00D4104B /* Resources */,
			);
			buildRules = (
			);
			dependencies = (
			);
			name = newFirstDemo;
			productName = newFirstDemo;
			productReference = DD9BA03320FC59EF00D4104B /* newFirstDemo.app */;
			productType = "com.apple.product-type.application";
		};
/* End PBXNativeTarget section */

/* Begin PBXProject section */
		DD9BA02B20FC59EF00D4104B /* Project object */ = {
			isa = PBXProject;
			attributes = {
				LastUpgradeCheck = 0940;
				ORGANIZATIONNAME = tangyunchuan;
				TargetAttributes = {
					DD9BA03220FC59EF00D4104B = {
						CreatedOnToolsVersion = 9.4.1;
					};
				};
			};
			buildConfigurationList = DD9BA02E20FC59EF00D4104B /* Build configuration list for PBXProject "newFirstDemo" */;
			compatibilityVersion = "Xcode 9.3";
			developmentRegion = en;
			hasScannedForEncodings = 0;
			knownRegions = (
				en,
				Base,
			);
			mainGroup = DD9BA02A20FC59EF00D4104B;
			productRefGroup = DD9BA03420FC59EF00D4104B /* Products */;
			projectDirPath = "";
			projectRoot = "";
			targets = (
				DD9BA03220FC59EF00D4104B /* newFirstDemo */,
			);
		};
/* End PBXProject section */

/* Begin PBXResourcesBuildPhase section */
		DD9BA03120FC59EF00D4104B /* Resources */ = {
			isa = PBXResourcesBuildPhase;
			buildActionMask = 2147483647;
			files = (
				DD9BA04320FC59F100D4104B /* LaunchScreen.storyboard in Resources */,
				DD9BA04020FC59F100D4104B /* Assets.xcassets in Resources */,
				DD9BA03E20FC59EF00D4104B /* Main.storyboard in Resources */,
			);
			runOnlyForDeploymentPostprocessing = 0;
		};
/* End PBXResourcesBuildPhase section */

/* Begin PBXShellScriptBuildPhase section */
		5A063A5559F190CCF6A9867C /* [CP] Check Pods Manifest.lock */ = {
			isa = PBXShellScriptBuildPhase;
			buildActionMask = 2147483647;
			files = (
			);
			inputPaths = (
				"${PODS_PODFILE_DIR_PATH}/Podfile.lock",
				"${PODS_ROOT}/Manifest.lock",
			);
			name = "[CP] Check Pods Manifest.lock";
			outputPaths = (
				"$(DERIVED_FILE_DIR)/Pods-newFirstDemo-checkManifestLockResult.txt",
			);
			runOnlyForDeploymentPostprocessing = 0;
			shellPath = /bin/sh;
			shellScript = "diff \"${PODS_PODFILE_DIR_PATH}/Podfile.lock\" \"${PODS_ROOT}/Manifest.lock\" > /dev/null\nif [ $? != 0 ] ; then\n    # print error to STDERR\n    echo \"error: The sandbox is not in sync with the Podfile.lock. Run 'pod install' or update your CocoaPods installation.\" >&2\n    exit 1\nfi\n# This output is used by Xcode 'outputs' to avoid re-running this script phase.\necho \"SUCCESS\" > \"${SCRIPT_OUTPUT_FILE_0}\"\n";
			showEnvVarsInLog = 0;
		};
/* End PBXShellScriptBuildPhase section */

/* Begin PBXSourcesBuildPhase section */
		DD9BA02F20FC59EF00D4104B /* Sources */ = {
			isa = PBXSourcesBuildPhase;
			buildActionMask = 2147483647;
			files = (
				DD78C7AA21183EB10042098F /* NewMainCollectionView.m in Sources */,
				DD1868202113E28B00D88DC9 /* NewMainSectionHeaderView.m in Sources */,
				DD9BA03B20FC59EF00D4104B /* ViewController.m in Sources */,
				DD1868552114312600D88DC9 /* FilterConditionModel.m in Sources */,
				DD18681D2113E28B00D88DC9 /* FrontClassView.m in Sources */,
				DD78C7AD211931BE0042098F /* NewMainHeaderCollectionViewCell.m in Sources */,
				DD1868452113E7A800D88DC9 /* UIView+SDExtension.m in Sources */,
				DD18683F2113E7A800D88DC9 /* TAAbstractDotView.m in Sources */,
				DD1868222113E28B00D88DC9 /* SetCollectionViewCell.m in Sources */,
				DD18684F2113FEEC00D88DC9 /* NSArray+Extension.m in Sources */,
				DD9BA04620FC59F100D4104B /* main.m in Sources */,
				DD18681C2113E28B00D88DC9 /* ClickBtn.m in Sources */,
				DD1868442113E7A800D88DC9 /* SDCycleScrollView.m in Sources */,
				DD1868522113FF1500D88DC9 /* NSDictionary+Extension.m in Sources */,
				DD9BA03820FC59EF00D4104B /* AppDelegate.m in Sources */,
				DD1868402113E7A800D88DC9 /* TAAnimatedDotView.m in Sources */,
				DD2DC4F42108545E00A0A6EE /* u.m in Sources */,
				DD1868422113E7A800D88DC9 /* TAPageControl.m in Sources */,
				DD18681E2113E28B00D88DC9 /* LayoutHeadView.m in Sources */,
				DD18681F2113E28B00D88DC9 /* NewMainCell.m in Sources */,
				DD1868412113E7A800D88DC9 /* TADotView.m in Sources */,
				DD1868212113E28B00D88DC9 /* NewMainTableView.m in Sources */,
				DD78C7B121196B0B0042098F /* UIViewExt.m in Sources */,
				DD18682E2113E71300D88DC9 /* UIColor+Hex.m in Sources */,
				DD1868432113E7A800D88DC9 /* SDCollectionViewCell.m in Sources */,
			);
			runOnlyForDeploymentPostprocessing = 0;
		};
/* End PBXSourcesBuildPhase section */

/* Begin PBXVariantGroup section */
		DD9BA03C20FC59EF00D4104B /* Main.storyboard */ = {
			isa = PBXVariantGroup;
			children = (
				DD9BA03D20FC59EF00D4104B /* Base */,
			);
			name = Main.storyboard;
			sourceTree = "<group>";
		};
		DD9BA04120FC59F100D4104B /* LaunchScreen.storyboard */ = {
			isa = PBXVariantGroup;
			children = (
				DD9BA04220FC59F100D4104B /* Base */,
			);
			name = LaunchScreen.storyboard;
			sourceTree = "<group>";
		};
/* End PBXVariantGroup section */

/* Begin XCBuildConfiguration section */
		DD9BA04720FC59F100D4104B /* Debug */ = {
			isa = XCBuildConfiguration;
			buildSettings = {
				ALWAYS_SEARCH_USER_PATHS = NO;
				CLANG_ANALYZER_NONNULL = YES;
				CLANG_ANALYZER_NUMBER_OBJECT_CONVERSION = YES_AGGRESSIVE;
				CLANG_CXX_LANGUAGE_STANDARD = "gnu++14";
				CLANG_CXX_LIBRARY = "libc++";
				CLANG_ENABLE_MODULES = YES;
				CLANG_ENABLE_OBJC_ARC = YES;
				CLANG_ENABLE_OBJC_WEAK = YES;
				CLANG_WARN_BLOCK_CAPTURE_AUTORELEASING = YES;
				CLANG_WARN_BOOL_CONVERSION = YES;
				CLANG_WARN_COMMA = YES;
				CLANG_WARN_CONSTANT_CONVERSION = YES;
				CLANG_WARN_DEPRECATED_OBJC_IMPLEMENTATIONS = YES;
				CLANG_WARN_DIRECT_OBJC_ISA_USAGE = YES_ERROR;
				CLANG_WARN_DOCUMENTATION_COMMENTS = YES;
				CLANG_WARN_EMPTY_BODY = YES;
				CLANG_WARN_ENUM_CONVERSION = YES;
				CLANG_WARN_INFINITE_RECURSION = YES;
				CLANG_WARN_INT_CONVERSION = YES;
				CLANG_WARN_NON_LITERAL_NULL_CONVERSION = YES;
				CLANG_WARN_OBJC_IMPLICIT_RETAIN_SELF = YES;
				CLANG_WARN_OBJC_LITERAL_CONVERSION = YES;
				CLANG_WARN_OBJC_ROOT_CLASS = YES_ERROR;
				CLANG_WARN_RANGE_LOOP_ANALYSIS = YES;
				CLANG_WARN_STRICT_PROTOTYPES = YES;
				CLANG_WARN_SUSPICIOUS_MOVE = YES;
				CLANG_WARN_UNGUARDED_AVAILABILITY = YES_AGGRESSIVE;
				CLANG_WARN_UNREACHABLE_CODE = YES;
				CLANG_WARN__DUPLICATE_METHOD_MATCH = YES;
				CODE_SIGN_IDENTITY = "iPhone Developer";
				COPY_PHASE_STRIP = NO;
				DEBUG_INFORMATION_FORMAT = dwarf;
				ENABLE_STRICT_OBJC_MSGSEND = YES;
				ENABLE_TESTABILITY = YES;
				GCC_C_LANGUAGE_STANDARD = gnu11;
				GCC_DYNAMIC_NO_PIC = NO;
				GCC_NO_COMMON_BLOCKS = YES;
				GCC_OPTIMIZATION_LEVEL = 0;
				GCC_PREPROCESSOR_DEFINITIONS = (
					"DEBUG=1",
					"$(inherited)",
				);
				GCC_WARN_64_TO_32_BIT_CONVERSION = YES;
				GCC_WARN_ABOUT_RETURN_TYPE = YES_ERROR;
				GCC_WARN_UNDECLARED_SELECTOR = YES;
				GCC_WARN_UNINITIALIZED_AUTOS = YES_AGGRESSIVE;
				GCC_WARN_UNUSED_FUNCTION = YES;
				GCC_WARN_UNUSED_VARIABLE = YES;
				IPHONEOS_DEPLOYMENT_TARGET = 11.4;
				MTL_ENABLE_DEBUG_INFO = YES;
				ONLY_ACTIVE_ARCH = YES;
				SDKROOT = iphoneos;
			};
			name = Debug;
		};
		DD9BA04820FC59F100D4104B /* Release */ = {
			isa = XCBuildConfiguration;
			buildSettings = {
				ALWAYS_SEARCH_USER_PATHS = NO;
				CLANG_ANALYZER_NONNULL = YES;
				CLANG_ANALYZER_NUMBER_OBJECT_CONVERSION = YES_AGGRESSIVE;
				CLANG_CXX_LANGUAGE_STANDARD = "gnu++14";
				CLANG_CXX_LIBRARY = "libc++";
				CLANG_ENABLE_MODULES = YES;
				CLANG_ENABLE_OBJC_ARC = YES;
				CLANG_ENABLE_OBJC_WEAK = YES;
				CLANG_WARN_BLOCK_CAPTURE_AUTORELEASING = YES;
				CLANG_WARN_BOOL_CONVERSION = YES;
				CLANG_WARN_COMMA = YES;
				CLANG_WARN_CONSTANT_CONVERSION = YES;
				CLANG_WARN_DEPRECATED_OBJC_IMPLEMENTATIONS = YES;
				CLANG_WARN_DIRECT_OBJC_ISA_USAGE = YES_ERROR;
				CLANG_WARN_DOCUMENTATION_COMMENTS = YES;
				CLANG_WARN_EMPTY_BODY = YES;
				CLANG_WARN_ENUM_CONVERSION = YES;
				CLANG_WARN_INFINITE_RECURSION = YES;
				CLANG_WARN_INT_CONVERSION = YES;
				CLANG_WARN_NON_LITERAL_NULL_CONVERSION = YES;
				CLANG_WARN_OBJC_IMPLICIT_RETAIN_SELF = YES;
				CLANG_WARN_OBJC_LITERAL_CONVERSION = YES;
				CLANG_WARN_OBJC_ROOT_CLASS = YES_ERROR;
				CLANG_WARN_RANGE_LOOP_ANALYSIS = YES;
				CLANG_WARN_STRICT_PROTOTYPES = YES;
				CLANG_WARN_SUSPICIOUS_MOVE = YES;
				CLANG_WARN_UNGUARDED_AVAILABILITY = YES_AGGRESSIVE;
				CLANG_WARN_UNREACHABLE_CODE = YES;
				CLANG_WARN__DUPLICATE_METHOD_MATCH = YES;
				CODE_SIGN_IDENTITY = "iPhone Developer";
				COPY_PHASE_STRIP = NO;
				DEBUG_INFORMATION_FORMAT = "dwarf-with-dsym";
				ENABLE_NS_ASSERTIONS = NO;
				ENABLE_STRICT_OBJC_MSGSEND = YES;
				GCC_C_LANGUAGE_STANDARD = gnu11;
				GCC_NO_COMMON_BLOCKS = YES;
				GCC_WARN_64_TO_32_BIT_CONVERSION = YES;
				GCC_WARN_ABOUT_RETURN_TYPE = YES_ERROR;
				GCC_WARN_UNDECLARED_SELECTOR = YES;
				GCC_WARN_UNINITIALIZED_AUTOS = YES_AGGRESSIVE;
				GCC_WARN_UNUSED_FUNCTION = YES;
				GCC_WARN_UNUSED_VARIABLE = YES;
				IPHONEOS_DEPLOYMENT_TARGET = 11.4;
				MTL_ENABLE_DEBUG_INFO = NO;
				SDKROOT = iphoneos;
				VALIDATE_PRODUCT = YES;
			};
			name = Release;
		};
		DD9BA04A20FC59F100D4104B /* Debug */ = {
			isa = XCBuildConfiguration;
			baseConfigurationReference = FE26EFCC4FB3CB3BA8B2F713 /* Pods-newFirstDemo.debug.xcconfig */;
			buildSettings = {
				ASSETCATALOG_COMPILER_APPICON_NAME = AppIcon;
				CODE_SIGN_STYLE = Automatic;
				DEVELOPMENT_TEAM = 832LY843KW;
				EXECUTABLE_PREFIX = "";
				GCC_PRECOMPILE_PREFIX_HEADER = YES;
				GCC_PREFIX_HEADER = newFirstDemo/newFirstDemo.pch;
				INFOPLIST_FILE = newFirstDemo/Info.plist;
				IPHONEOS_DEPLOYMENT_TARGET = 8.0;
				LD_RUNPATH_SEARCH_PATHS = (
					"$(inherited)",
					"@executable_path/Frameworks",
				);
				PRODUCT_BUNDLE_IDENTIFIER = com.goldShield.newFirstDemo;
				PRODUCT_NAME = "$(TARGET_NAME)";
				TARGETED_DEVICE_FAMILY = "1,2";
			};
			name = Debug;
		};
		DD9BA04B20FC59F100D4104B /* Release */ = {
			isa = XCBuildConfiguration;
			baseConfigurationReference = 9D221A26ABA7530BF260A9AB /* Pods-newFirstDemo.release.xcconfig */;
			buildSettings = {
				ASSETCATALOG_COMPILER_APPICON_NAME = AppIcon;
				CODE_SIGN_STYLE = Automatic;
				DEVELOPMENT_TEAM = 832LY843KW;
				EXECUTABLE_PREFIX = "";
				GCC_PRECOMPILE_PREFIX_HEADER = YES;
				GCC_PREFIX_HEADER = newFirstDemo/newFirstDemo.pch;
				INFOPLIST_FILE = newFirstDemo/Info.plist;
				IPHONEOS_DEPLOYMENT_TARGET = 8.0;
				LD_RUNPATH_SEARCH_PATHS = (
					"$(inherited)",
					"@executable_path/Frameworks",
				);
				PRODUCT_BUNDLE_IDENTIFIER = com.goldShield.newFirstDemo;
				PRODUCT_NAME = "$(TARGET_NAME)";
				TARGETED_DEVICE_FAMILY = "1,2";
			};
			name = Release;
		};
/* End XCBuildConfiguration section */

/* Begin XCConfigurationList section */
		DD9BA02E20FC59EF00D4104B /* Build configuration list for PBXProject "newFirstDemo" */ = {
			isa = XCConfigurationList;
			buildConfigurations = (
				DD9BA04720FC59F100D4104B /* Debug */,
				DD9BA04820FC59F100D4104B /* Release */,
			);
			defaultConfigurationIsVisible = 0;
			defaultConfigurationName = Release;
		};
		DD9BA04920FC59F100D4104B /* Build configuration list for PBXNativeTarget "newFirstDemo" */ = {
			isa = XCConfigurationList;
			buildConfigurations = (
				DD9BA04A20FC59F100D4104B /* Debug */,
				DD9BA04B20FC59F100D4104B /* Release */,
			);
			defaultConfigurationIsVisible = 0;
			defaultConfigurationName = Release;
		};
/* End XCConfigurationList section */
	};
	rootObject = DD9BA02B20FC59EF00D4104B /* Project object */;
}
